<?xml version="1.0" encoding="UTF-8" standalone="yes" ?>
<CodeBlocks_project_file>
	<FileVersion major="1" minor="6" />
	<Project>
		<Option title="shell" />
		<Option makefile_is_custom="1" />
		<Option pch_mode="2" />
		<Option compiler="gcc" />
		<Build>
			<Target title="Debug">
				<Option output="bin/Debug/module-test" prefix_auto="1" extension_auto="1" />
				<Option object_output="obj/Debug/" />
				<Option type="1" />
				<Option compiler="gcc" />
				<Compiler>
					<Add option="-g" />
				</Compiler>
				<MakeCommands>
					<Build command="$make -f $makefile " />
					<CompileFile command="$make -f $makefile $file" />
					<Clean command="$make -f $makefile clean" />
					<DistClean command="$make -f $makefile distclean$target" />
					<AskRebuildNeeded command="$make -q -f $makefile" />
					<SilentBuild command="$make -f $makefile  &gt; $(CMD_NULL)" />
				</MakeCommands>
			</Target>
		</Build>
		<Compiler>
			<Add option="-Wall" />
		</Compiler>
		<Unit filename="Makefile" />
		<Unit filename="lib/array-util/array-clear.c">
			<Option compilerVar="CC" />
		</Unit>
		<Unit filename="lib/array-util/array-clear.h" />
		<Unit filename="lib/array-util/array-fill.c">
			<Option compilerVar="CC" />
		</Unit>
		<Unit filename="lib/array-util/array-fill.h" />
		<Unit filename="lib/map-util/map.c">
			<Option compilerVar="CC" />
		</Unit>
		<Unit filename="lib/map-util/map.h" />
		<Unit filename="lib/math/mikos-math.c">
			<Option compilerVar="CC" />
		</Unit>
		<Unit filename="lib/math/mikos-math.h" />
		<Unit filename="lib/string-util/string-util.c">
			<Option compilerVar="CC" />
		</Unit>
		<Unit filename="lib/string-util/string-util.h" />
		<Unit filename="main.c">
			<Option compilerVar="CC" />
		</Unit>
		<Unit filename="shell.c">
			<Option compilerVar="CC" />
		</Unit>
		<Unit filename="shell.h" />
		<Unit filename="syscall-interface.c">
			<Option compilerVar="CC" />
		</Unit>
		<Unit filename="syscall-interface.h" />
		<Extensions>
			<envvars />
			<code_completion />
			<lib_finder disable_auto="1" />
			<debugger />
		</Extensions>
	</Project>
</CodeBlocks_project_file>
