<?xml version="1.0" encoding="UTF-8" standalone="yes" ?>
<CodeBlocks_project_file>
	<FileVersion major="1" minor="6" />
	<Project>
		<Option title="os-32" />
		<Option makefile_is_custom="1" />
		<Option pch_mode="2" />
		<Option compiler="gcc" />
		<Build>
			<Target title="Debug">
				<Option type="4" />
				<Option compiler="gcc" />
				<Compiler>
					<Add option="-g" />
					<Add directory="kernel/osapi" />
				</Compiler>
				<MakeCommands>
					<Build command="$make -f $makefile" />
					<CompileFile command="$make -f $makefile $file" />
					<Clean command="$make -f $makefile clean" />
					<DistClean command="$make -f $makefile distclean$target" />
					<AskRebuildNeeded command="$make -q -f $makefile " />
					<SilentBuild command="$make -f $makefile &gt; $(CMD_NULL)" />
				</MakeCommands>
			</Target>
			<Target title="Release">
				<Option output="bin/Release/os-32" prefix_auto="1" extension_auto="1" />
				<Option object_output="obj/Release/" />
				<Option type="1" />
				<Option compiler="gcc" />
				<Compiler>
					<Add option="-O2" />
					<Add directory="kernel/osapi" />
				</Compiler>
				<Linker>
					<Add option="-s" />
				</Linker>
			</Target>
		</Build>
		<Compiler>
			<Add option="-Wall" />
		</Compiler>
		<Unit filename="drivers/fat16.c">
			<Option compilerVar="CC" />
		</Unit>
		<Unit filename="drivers/fat16.h" />
		<Unit filename="drivers/ide.c">
			<Option compilerVar="CC" />
		</Unit>
		<Unit filename="drivers/keyboard.c">
			<Option compilerVar="CC" />
		</Unit>
		<Unit filename="drivers/keyboard.h" />
		<Unit filename="drivers/screen.c">
			<Option compilerVar="CC" />
		</Unit>
		<Unit filename="drivers/screen.h" />
		<Unit filename="kernel/gdt.c">
			<Option compilerVar="CC" />
		</Unit>
		<Unit filename="kernel/idt.c">
			<Option compilerVar="CC" />
		</Unit>
		<Unit filename="kernel/irq.c">
			<Option compilerVar="CC" />
		</Unit>
		<Unit filename="kernel/isrs.c">
			<Option compilerVar="CC" />
		</Unit>
		<Unit filename="kernel/kernel_entry.asm" />
		<Unit filename="kernel/low_level.c">
			<Option compilerVar="CC" />
		</Unit>
		<Unit filename="kernel/low_level.h" />
		<Unit filename="kernel/main.c">
			<Option compilerVar="CC" />
		</Unit>
		<Unit filename="kernel/malloc.c">
			<Option compilerVar="CC" />
		</Unit>
		<Unit filename="kernel/malloc.h" />
		<Unit filename="kernel/mem.c">
			<Option compilerVar="CC" />
		</Unit>
		<Unit filename="kernel/mem_mgmt.c">
			<Option compilerVar="CC" />
		</Unit>
		<Unit filename="kernel/osapi/malloc.c">
			<Option compilerVar="CC" />
		</Unit>
		<Unit filename="kernel/osapi/malloc.h" />
		<Unit filename="kernel/osapi/print-string.c">
			<Option compilerVar="CC" />
		</Unit>
		<Unit filename="kernel/osapi/print-string.h" />
		<Unit filename="kernel/osapi/read-string.c">
			<Option compilerVar="CC" />
		</Unit>
		<Unit filename="kernel/osapi/read-string.h" />
		<Unit filename="kernel/osapi/syscall-code.h" />
		<Unit filename="kernel/osapi/syscall-interface.c">
			<Option compilerVar="CC" />
		</Unit>
		<Unit filename="kernel/osapi/syscall-interface.h" />
		<Unit filename="kernel/syscall-handler.c">
			<Option compilerVar="CC" />
		</Unit>
		<Unit filename="kernel/syscall-handler.h" />
		<Unit filename="kernel/system.h" />
		<Unit filename="kernel/types.h" />
		<Unit filename="util/mikos-math.c">
			<Option compilerVar="CC" />
		</Unit>
		<Unit filename="util/mikos-math.h" />
		<Unit filename="util/queue.c">
			<Option compilerVar="CC" />
		</Unit>
		<Unit filename="util/queue.h" />
		<Extensions>
			<code_completion />
			<debugger />
			<envvars />
			<DoxyBlocks>
				<comment_style block="0" line="0" />
				<doxyfile_project />
				<doxyfile_build />
				<doxyfile_warnings />
				<doxyfile_output />
				<doxyfile_dot />
				<general />
			</DoxyBlocks>
		</Extensions>
	</Project>
</CodeBlocks_project_file>
